
Microsoft Visual Studio Solution File, Format Version 12.00
# Visual Studio 15
VisualStudioVersion = 15.0.26430.16
MinimumVisualStudioVersion = 10.0.40219.1
Project("{2150E333-8FDC-42A3-9474-1A3956D46DE8}") = "VB", "VB", "{579F5D0A-B698-40A5-AA54-DAA63CDC43D1}"
EndProject
Project("{2150E333-8FDC-42A3-9474-1A3956D46DE8}") = "CSharp", "CSharp", "{344050D9-AC0B-421F-92BF-5ACCAF0AE94F}"
EndProject
Project("{FAE04EC0-301F-11D3-BF4B-00C04F79EFBC}") = "CSBase", "CSBase\CSBase.csproj", "{39F71338-C7D1-4D98-B955-CFE1CD833B97}"
EndProject
Project("{F184B08F-C81C-45F6-A57F-5ABD9991F28F}") = "VBBase", "VBBase\VBBase.vbproj", "{DFCBFE3E-D142-4D2B-92C0-34EDC7490D63}"
EndProject
Project("{FAE04EC0-301F-11D3-BF4B-00C04F79EFBC}") = "CSExample1", "CSExample1\CSExample1.csproj", "{0C899D4D-4EE1-4B4B-B8E3-79E44A7F60AE}"
EndProject
Global
	GlobalSection(SolutionConfigurationPlatforms) = preSolution
		Debug|Any CPU = Debug|Any CPU
		Release|Any CPU = Release|Any CPU
	EndGlobalSection
	GlobalSection(ProjectConfigurationPlatforms) = postSolution
		{39F71338-C7D1-4D98-B955-CFE1CD833B97}.Debug|Any CPU.ActiveCfg = Debug|Any CPU
		{39F71338-C7D1-4D98-B955-CFE1CD833B97}.Debug|Any CPU.Build.0 = Debug|Any CPU
		{39F71338-C7D1-4D98-B955-CFE1CD833B97}.Release|Any CPU.ActiveCfg = Release|Any CPU
		{39F71338-C7D1-4D98-B955-CFE1CD833B97}.Release|Any CPU.Build.0 = Release|Any CPU
		{DFCBFE3E-D142-4D2B-92C0-34EDC7490D63}.Debug|Any CPU.ActiveCfg = Debug|Any CPU
		{DFCBFE3E-D142-4D2B-92C0-34EDC7490D63}.Debug|Any CPU.Build.0 = Debug|Any CPU
		{DFCBFE3E-D142-4D2B-92C0-34EDC7490D63}.Release|Any CPU.ActiveCfg = Release|Any CPU
		{DFCBFE3E-D142-4D2B-92C0-34EDC7490D63}.Release|Any CPU.Build.0 = Release|Any CPU
		{0C899D4D-4EE1-4B4B-B8E3-79E44A7F60AE}.Debug|Any CPU.ActiveCfg = Debug|Any CPU
		{0C899D4D-4EE1-4B4B-B8E3-79E44A7F60AE}.Debug|Any CPU.Build.0 = Debug|Any CPU
		{0C899D4D-4EE1-4B4B-B8E3-79E44A7F60AE}.Release|Any CPU.ActiveCfg = Release|Any CPU
		{0C899D4D-4EE1-4B4B-B8E3-79E44A7F60AE}.Release|Any CPU.Build.0 = Release|Any CPU
	EndGlobalSection
	GlobalSection(SolutionProperties) = preSolution
		HideSolutionNode = FALSE
	EndGlobalSection
	GlobalSection(NestedProjects) = preSolution
		{39F71338-C7D1-4D98-B955-CFE1CD833B97} = {344050D9-AC0B-421F-92BF-5ACCAF0AE94F}
		{DFCBFE3E-D142-4D2B-92C0-34EDC7490D63} = {579F5D0A-B698-40A5-AA54-DAA63CDC43D1}
		{0C899D4D-4EE1-4B4B-B8E3-79E44A7F60AE} = {344050D9-AC0B-421F-92BF-5ACCAF0AE94F}
	EndGlobalSection
EndGlobal
