
Microsoft Visual Studio Solution File, Format Version 12.00
# Visual Studio Version 16
VisualStudioVersion = 16.0.30128.74
MinimumVisualStudioVersion = 10.0.40219.1
Project("{2150E333-8FDC-42A3-9474-1A3956D46DE8}") = "Code", "Code", "{AC0D8FE4-885F-4776-8B5C-179EED825604}"
EndProject
Project("{2150E333-8FDC-42A3-9474-1A3956D46DE8}") = "DirectRelease", "DirectRelease", "{9AC2CB1C-D52F-4A2A-8BB1-1C79645E2348}"
EndProject
Project("{2150E333-8FDC-42A3-9474-1A3956D46DE8}") = "Nuget", "Nuget", "{9CD0A745-394A-463B-A203-B666E26BB287}"
EndProject
Project("{2150E333-8FDC-42A3-9474-1A3956D46DE8}") = "Doc", "Doc", "{14151C5B-65C4-46EC-A2F9-BC723244313F}"
EndProject
Project("{D954291E-2A0B-460D-934E-DC6B0785DB48}") = "Code.RemoteAgency.Abstraction", "Code.RemoteAgency.Abstraction\Code.RemoteAgency.Abstraction.shproj", "{B16ACFBC-D798-4629-9225-F8FB12F15AFC}"
EndProject
Project("{D954291E-2A0B-460D-934E-DC6B0785DB48}") = "Code.RemoteAgency", "Code.RemoteAgency\Code.RemoteAgency.shproj", "{23A75AF3-8979-45F8-A7B3-984CEF6C3E39}"
EndProject
Project("{9A19103F-16F7-4668-BE54-9A1E7A4F7556}") = "DirectRelease.RemoteAgency", "DirectRelease.RemoteAgency\DirectRelease.RemoteAgency.csproj", "{3893D742-0C28-4562-915A-8656196A3B7C}"
EndProject
Project("{9A19103F-16F7-4668-BE54-9A1E7A4F7556}") = "DirectRelease.RemoteAgency.Abstraction", "DirectRelease.RemoteAgency.Abstraction\DirectRelease.RemoteAgency.Abstraction.csproj", "{11B3F107-2F03-4A21-9241-723F1642A3FA}"
EndProject
Project("{D954291E-2A0B-460D-934E-DC6B0785DB48}") = "Code.RemoteAgency.JsonSerializer", "Code.RemoteAgency.JsonSerializer\Code.RemoteAgency.JsonSerializer.shproj", "{38520679-A9FE-45CC-9520-32CBCB1713E2}"
EndProject
Project("{D954291E-2A0B-460D-934E-DC6B0785DB48}") = "Code.RemoteAgency.BinarySerializer", "Code.RemoteAgency.BinarySerializer\Code.RemoteAgency.BinarySerializer.shproj", "{69B6869B-FD3A-4904-A8FE-4B77874B6F74}"
EndProject
Project("{9A19103F-16F7-4668-BE54-9A1E7A4F7556}") = "DirectRelease.RemoteAgency.Neat", "DirectRelease.RemoteAgency.Neat\DirectRelease.RemoteAgency.Neat.csproj", "{618EDEA0-8656-4904-9DD6-9655EB98B67D}"
EndProject
Project("{2150E333-8FDC-42A3-9474-1A3956D46DE8}") = "Serializer", "Serializer", "{9C22523D-B108-4713-A62A-97A5469443F4}"
EndProject
Project("{2150E333-8FDC-42A3-9474-1A3956D46DE8}") = "SequentialScheduler", "SequentialScheduler", "{54AC2767-CF6B-4150-B077-E0D7569BE39E}"
EndProject
Project("{D954291E-2A0B-460D-934E-DC6B0785DB48}") = "Code.RemoteAgency.SequentialScheduler", "Code.RemoteAgency.SequentialScheduler\Code.RemoteAgency.SequentialScheduler.shproj", "{D9E5AC17-43DB-406C-9FDC-C7B34A703ACF}"
EndProject
Project("{D954291E-2A0B-460D-934E-DC6B0785DB48}") = "Code.RemoteAgency.NoSequentialScheduler", "Code.RemoteAgency.NoSequentialScheduler\Code.RemoteAgency.NoSequentialScheduler.shproj", "{A1EF6D47-3994-4F5E-9488-E3DE7EBC9AB4}"
EndProject
Project("{D954291E-2A0B-460D-934E-DC6B0785DB48}") = "Code.RemoteAgency.PlainEntityBodyBuilder", "Code.RemoteAgency.PlainEntityBodyBuilder\Code.RemoteAgency.PlainEntityBodyBuilder.shproj", "{83B11913-8D83-4E85-93CF-FD6BE78F2B5D}"
EndProject
Project("{7CF6DF6D-3B04-46F8-A40B-537D21BCA0B4}") = "Sandcastle", "Sandcastle\Sandcastle.shfbproj", "{C158D1A7-213E-449D-8791-152CEA833953}"
EndProject
Global
	GlobalSection(SharedMSBuildProjectFiles) = preSolution
		Code.RemoteAgency.Abstraction\Code.RemoteAgency.Abstraction.projitems*{11b3f107-2f03-4a21-9241-723f1642a3fa}*SharedItemsImports = 5
		Code.RemoteAgency\Code.RemoteAgency.projitems*{23a75af3-8979-45f8-a7b3-984cef6c3e39}*SharedItemsImports = 13
		Code.RemoteAgency.JsonSerializer\Code.RemoteAgency.JsonSerializer.projitems*{38520679-a9fe-45cc-9520-32cbcb1713e2}*SharedItemsImports = 13
		Code.RemoteAgency.BinarySerializer\Code.RemoteAgency.BinarySerializer.projitems*{3893d742-0c28-4562-915a-8656196a3b7c}*SharedItemsImports = 5
		Code.RemoteAgency.JsonSerializer\Code.RemoteAgency.JsonSerializer.projitems*{3893d742-0c28-4562-915a-8656196a3b7c}*SharedItemsImports = 5
		Code.RemoteAgency.PlainEntityBodyBuilder\Code.RemoteAgency.PlainEntityBodyBuilder.projitems*{3893d742-0c28-4562-915a-8656196a3b7c}*SharedItemsImports = 5
		Code.RemoteAgency.SequentialScheduler\Code.RemoteAgency.SequentialScheduler.projitems*{3893d742-0c28-4562-915a-8656196a3b7c}*SharedItemsImports = 5
		Code.RemoteAgency\Code.RemoteAgency.projitems*{3893d742-0c28-4562-915a-8656196a3b7c}*SharedItemsImports = 5
		Code.RemoteAgency.NoSequentialScheduler\Code.RemoteAgency.NoSequentialScheduler.projitems*{618edea0-8656-4904-9dd6-9655eb98b67d}*SharedItemsImports = 5
		Code.RemoteAgency\Code.RemoteAgency.projitems*{618edea0-8656-4904-9dd6-9655eb98b67d}*SharedItemsImports = 5
		Code.RemoteAgency.BinarySerializer\Code.RemoteAgency.BinarySerializer.projitems*{69b6869b-fd3a-4904-a8fe-4b77874b6f74}*SharedItemsImports = 13
		Code.RemoteAgency.PlainEntityBodyBuilder\Code.RemoteAgency.PlainEntityBodyBuilder.projitems*{83b11913-8d83-4e85-93cf-fd6be78f2b5d}*SharedItemsImports = 13
		Code.RemoteAgency.NoSequentialScheduler\Code.RemoteAgency.NoSequentialScheduler.projitems*{a1ef6d47-3994-4f5e-9488-e3de7ebc9ab4}*SharedItemsImports = 13
		Code.RemoteAgency.Abstraction\Code.RemoteAgency.Abstraction.projitems*{b16acfbc-d798-4629-9225-f8fb12f15afc}*SharedItemsImports = 13
		Code.RemoteAgency.SequentialScheduler\Code.RemoteAgency.SequentialScheduler.projitems*{d9e5ac17-43db-406c-9fdc-c7b34a703acf}*SharedItemsImports = 13
	EndGlobalSection
	GlobalSection(SolutionConfigurationPlatforms) = preSolution
		Debug|Any CPU = Debug|Any CPU
		Doc|Any CPU = Doc|Any CPU
		Release|Any CPU = Release|Any CPU
	EndGlobalSection
	GlobalSection(ProjectConfigurationPlatforms) = postSolution
		{3893D742-0C28-4562-915A-8656196A3B7C}.Debug|Any CPU.ActiveCfg = Debug|Any CPU
		{3893D742-0C28-4562-915A-8656196A3B7C}.Debug|Any CPU.Build.0 = Debug|Any CPU
		{3893D742-0C28-4562-915A-8656196A3B7C}.Doc|Any CPU.ActiveCfg = Release|Any CPU
		{3893D742-0C28-4562-915A-8656196A3B7C}.Doc|Any CPU.Build.0 = Release|Any CPU
		{3893D742-0C28-4562-915A-8656196A3B7C}.Release|Any CPU.ActiveCfg = Release|Any CPU
		{3893D742-0C28-4562-915A-8656196A3B7C}.Release|Any CPU.Build.0 = Release|Any CPU
		{11B3F107-2F03-4A21-9241-723F1642A3FA}.Debug|Any CPU.ActiveCfg = Debug|Any CPU
		{11B3F107-2F03-4A21-9241-723F1642A3FA}.Debug|Any CPU.Build.0 = Debug|Any CPU
		{11B3F107-2F03-4A21-9241-723F1642A3FA}.Doc|Any CPU.ActiveCfg = Release|Any CPU
		{11B3F107-2F03-4A21-9241-723F1642A3FA}.Doc|Any CPU.Build.0 = Release|Any CPU
		{11B3F107-2F03-4A21-9241-723F1642A3FA}.Release|Any CPU.ActiveCfg = Release|Any CPU
		{11B3F107-2F03-4A21-9241-723F1642A3FA}.Release|Any CPU.Build.0 = Release|Any CPU
		{618EDEA0-8656-4904-9DD6-9655EB98B67D}.Debug|Any CPU.ActiveCfg = Debug|Any CPU
		{618EDEA0-8656-4904-9DD6-9655EB98B67D}.Debug|Any CPU.Build.0 = Debug|Any CPU
		{618EDEA0-8656-4904-9DD6-9655EB98B67D}.Doc|Any CPU.ActiveCfg = Release|Any CPU
		{618EDEA0-8656-4904-9DD6-9655EB98B67D}.Release|Any CPU.ActiveCfg = Release|Any CPU
		{618EDEA0-8656-4904-9DD6-9655EB98B67D}.Release|Any CPU.Build.0 = Release|Any CPU
		{C158D1A7-213E-449D-8791-152CEA833953}.Debug|Any CPU.ActiveCfg = Debug|Any CPU
		{C158D1A7-213E-449D-8791-152CEA833953}.Doc|Any CPU.ActiveCfg = Release|Any CPU
		{C158D1A7-213E-449D-8791-152CEA833953}.Doc|Any CPU.Build.0 = Release|Any CPU
		{C158D1A7-213E-449D-8791-152CEA833953}.Release|Any CPU.ActiveCfg = Release|Any CPU
	EndGlobalSection
	GlobalSection(SolutionProperties) = preSolution
		HideSolutionNode = FALSE
	EndGlobalSection
	GlobalSection(NestedProjects) = preSolution
		{B16ACFBC-D798-4629-9225-F8FB12F15AFC} = {AC0D8FE4-885F-4776-8B5C-179EED825604}
		{23A75AF3-8979-45F8-A7B3-984CEF6C3E39} = {AC0D8FE4-885F-4776-8B5C-179EED825604}
		{3893D742-0C28-4562-915A-8656196A3B7C} = {9AC2CB1C-D52F-4A2A-8BB1-1C79645E2348}
		{11B3F107-2F03-4A21-9241-723F1642A3FA} = {9AC2CB1C-D52F-4A2A-8BB1-1C79645E2348}
		{38520679-A9FE-45CC-9520-32CBCB1713E2} = {9C22523D-B108-4713-A62A-97A5469443F4}
		{69B6869B-FD3A-4904-A8FE-4B77874B6F74} = {9C22523D-B108-4713-A62A-97A5469443F4}
		{618EDEA0-8656-4904-9DD6-9655EB98B67D} = {9AC2CB1C-D52F-4A2A-8BB1-1C79645E2348}
		{9C22523D-B108-4713-A62A-97A5469443F4} = {AC0D8FE4-885F-4776-8B5C-179EED825604}
		{54AC2767-CF6B-4150-B077-E0D7569BE39E} = {AC0D8FE4-885F-4776-8B5C-179EED825604}
		{D9E5AC17-43DB-406C-9FDC-C7B34A703ACF} = {54AC2767-CF6B-4150-B077-E0D7569BE39E}
		{A1EF6D47-3994-4F5E-9488-E3DE7EBC9AB4} = {54AC2767-CF6B-4150-B077-E0D7569BE39E}
		{83B11913-8D83-4E85-93CF-FD6BE78F2B5D} = {9C22523D-B108-4713-A62A-97A5469443F4}
		{C158D1A7-213E-449D-8791-152CEA833953} = {14151C5B-65C4-46EC-A2F9-BC723244313F}
	EndGlobalSection
	GlobalSection(ExtensibilityGlobals) = postSolution
		SolutionGuid = {45BBACF4-069F-42CE-976C-F8860A2122B8}
	EndGlobalSection
EndGlobal
