
Microsoft Visual Studio Solution File, Format Version 12.00
# Visual Studio 15
VisualStudioVersion = 15.0.27130.0
MinimumVisualStudioVersion = 10.0.40219.1
Project("{9A19103F-16F7-4668-BE54-9A1E7A4F7556}") = "Example 0 (start)", "Example 0 (start)\Example 0 (start).csproj", "{5A66DF76-7FD0-40FB-935D-D50B4AEB02F4}"
EndProject
Project("{9A19103F-16F7-4668-BE54-9A1E7A4F7556}") = "Example 1", "Example 1\Example 1.csproj", "{A7F5774B-221B-494C-AED1-C6B1B9348576}"
EndProject
Project("{9A19103F-16F7-4668-BE54-9A1E7A4F7556}") = "Example 2", "Example 2\Example 2.csproj", "{180FE22A-060D-4D52-9E26-7202CE536F39}"
EndProject
Project("{9A19103F-16F7-4668-BE54-9A1E7A4F7556}") = "Example 3", "Example 3\Example 3.csproj", "{AEC310C3-169D-4D52-BC75-53F779307390}"
EndProject
Project("{9A19103F-16F7-4668-BE54-9A1E7A4F7556}") = "Example 4", "Example 4\Example 4.csproj", "{21C3E463-C12D-42C8-8A51-DD70BBBB2C69}"
EndProject
Project("{9A19103F-16F7-4668-BE54-9A1E7A4F7556}") = "Example 5", "Example 5\Example 5.csproj", "{D78C2BCB-99AE-4717-9023-EA5282516D11}"
EndProject
Project("{9A19103F-16F7-4668-BE54-9A1E7A4F7556}") = "Example 6", "Example 6\Example 6.csproj", "{79B95761-B0F2-4D2A-9326-54D7E4B781E1}"
EndProject
Project("{9A19103F-16F7-4668-BE54-9A1E7A4F7556}") = "Example 7", "Example 7\Example 7.csproj", "{9809532C-BD14-4892-B2A8-9F8E67695CFC}"
EndProject
Project("{9A19103F-16F7-4668-BE54-9A1E7A4F7556}") = "Example 8", "Example 8\Example 8.csproj", "{FC204CFC-D89A-49E5-88F7-453954174C69}"
EndProject
Project("{9A19103F-16F7-4668-BE54-9A1E7A4F7556}") = "Example 9", "Example 9\Example 9.csproj", "{881A4F64-41D2-459D-873B-E4DB7B1C720B}"
EndProject
Project("{2150E333-8FDC-42A3-9474-1A3956D46DE8}") = "dotnet core 2.0", "dotnet core 2.0", "{7CB8A0F2-7576-4C15-BCD9-3E56DFBC18A0}"
EndProject
Project("{2150E333-8FDC-42A3-9474-1A3956D46DE8}") = "dotnet framework 4.6", "dotnet framework 4.6", "{DDF5D7A2-C72C-478E-B8CA-2F3A02A88D2B}"
EndProject
Project("{FAE04EC0-301F-11D3-BF4B-00C04F79EFBC}") = "ExampleFx 0 (start)", "ExampleFx 0 (start)\ExampleFx 0 (start).csproj", "{3909A7BF-9513-4A80-8EA7-91AE4B3636D0}"
EndProject
Project("{FAE04EC0-301F-11D3-BF4B-00C04F79EFBC}") = "ExampleFx 1", "ExampleFx 1\ExampleFx 1.csproj", "{310BDF3F-D270-4E26-9178-E35142E50913}"
EndProject
Project("{FAE04EC0-301F-11D3-BF4B-00C04F79EFBC}") = "ExampleFx 2", "ExampleFx 2\ExampleFx 2.csproj", "{C195F565-1BEF-4FDE-BB0D-202D792580A0}"
EndProject
Project("{FAE04EC0-301F-11D3-BF4B-00C04F79EFBC}") = "ExampleFx 3", "ExampleFx 3\ExampleFx 3.csproj", "{4F47B443-5320-441A-AB30-C1BD382058B8}"
EndProject
Project("{FAE04EC0-301F-11D3-BF4B-00C04F79EFBC}") = "ExampleFx 4", "ExampleFx 4\ExampleFx 4.csproj", "{2C507C4A-CD1B-494D-84FA-0CB62F9A3791}"
EndProject
Project("{FAE04EC0-301F-11D3-BF4B-00C04F79EFBC}") = "ExampleFx 5", "ExampleFx 5\ExampleFx 5.csproj", "{CC6D12BE-C166-4DDD-BF6E-4C2828A1C7B7}"
EndProject
Project("{FAE04EC0-301F-11D3-BF4B-00C04F79EFBC}") = "ExampleFx 6", "ExampleFx 6\ExampleFx 6.csproj", "{779B84FD-56ED-4A92-B7C8-CD2F825BE8FD}"
EndProject
Project("{FAE04EC0-301F-11D3-BF4B-00C04F79EFBC}") = "ExampleFx 7", "ExampleFx 7\ExampleFx 7.csproj", "{042E985A-EFD6-4866-A640-22E81C920556}"
EndProject
Project("{FAE04EC0-301F-11D3-BF4B-00C04F79EFBC}") = "ExampleFx 8", "ExampleFx 8\ExampleFx 8.csproj", "{60769CD8-1852-41D6-832D-290D4BF25CB1}"
EndProject
Project("{FAE04EC0-301F-11D3-BF4B-00C04F79EFBC}") = "ExampleFx 9", "ExampleFx 9\ExampleFx 9.csproj", "{88D057C0-7BC6-4339-A320-041FD8028A89}"
EndProject
Project("{FAE04EC0-301F-11D3-BF4B-00C04F79EFBC}") = "Example 10", "Example 10\Example 10.csproj", "{53FCE57F-CA4D-4628-BC5C-E03EEF782BEC}"
EndProject
Project("{FAE04EC0-301F-11D3-BF4B-00C04F79EFBC}") = "ExampleFx 10", "ExampleFx 10\ExampleFx 10.csproj", "{B8D68D66-A440-456F-854C-A920D38F7DCF}"
EndProject
Global
	GlobalSection(SolutionConfigurationPlatforms) = preSolution
		Debug|Any CPU = Debug|Any CPU
		Release|Any CPU = Release|Any CPU
	EndGlobalSection
	GlobalSection(ProjectConfigurationPlatforms) = postSolution
		{5A66DF76-7FD0-40FB-935D-D50B4AEB02F4}.Debug|Any CPU.ActiveCfg = Debug|Any CPU
		{5A66DF76-7FD0-40FB-935D-D50B4AEB02F4}.Debug|Any CPU.Build.0 = Debug|Any CPU
		{5A66DF76-7FD0-40FB-935D-D50B4AEB02F4}.Release|Any CPU.ActiveCfg = Release|Any CPU
		{5A66DF76-7FD0-40FB-935D-D50B4AEB02F4}.Release|Any CPU.Build.0 = Release|Any CPU
		{A7F5774B-221B-494C-AED1-C6B1B9348576}.Debug|Any CPU.ActiveCfg = Debug|Any CPU
		{A7F5774B-221B-494C-AED1-C6B1B9348576}.Debug|Any CPU.Build.0 = Debug|Any CPU
		{A7F5774B-221B-494C-AED1-C6B1B9348576}.Release|Any CPU.ActiveCfg = Release|Any CPU
		{A7F5774B-221B-494C-AED1-C6B1B9348576}.Release|Any CPU.Build.0 = Release|Any CPU
		{180FE22A-060D-4D52-9E26-7202CE536F39}.Debug|Any CPU.ActiveCfg = Debug|Any CPU
		{180FE22A-060D-4D52-9E26-7202CE536F39}.Debug|Any CPU.Build.0 = Debug|Any CPU
		{180FE22A-060D-4D52-9E26-7202CE536F39}.Release|Any CPU.ActiveCfg = Release|Any CPU
		{180FE22A-060D-4D52-9E26-7202CE536F39}.Release|Any CPU.Build.0 = Release|Any CPU
		{AEC310C3-169D-4D52-BC75-53F779307390}.Debug|Any CPU.ActiveCfg = Debug|Any CPU
		{AEC310C3-169D-4D52-BC75-53F779307390}.Debug|Any CPU.Build.0 = Debug|Any CPU
		{AEC310C3-169D-4D52-BC75-53F779307390}.Release|Any CPU.ActiveCfg = Release|Any CPU
		{AEC310C3-169D-4D52-BC75-53F779307390}.Release|Any CPU.Build.0 = Release|Any CPU
		{21C3E463-C12D-42C8-8A51-DD70BBBB2C69}.Debug|Any CPU.ActiveCfg = Debug|Any CPU
		{21C3E463-C12D-42C8-8A51-DD70BBBB2C69}.Debug|Any CPU.Build.0 = Debug|Any CPU
		{21C3E463-C12D-42C8-8A51-DD70BBBB2C69}.Release|Any CPU.ActiveCfg = Release|Any CPU
		{21C3E463-C12D-42C8-8A51-DD70BBBB2C69}.Release|Any CPU.Build.0 = Release|Any CPU
		{D78C2BCB-99AE-4717-9023-EA5282516D11}.Debug|Any CPU.ActiveCfg = Debug|Any CPU
		{D78C2BCB-99AE-4717-9023-EA5282516D11}.Debug|Any CPU.Build.0 = Debug|Any CPU
		{D78C2BCB-99AE-4717-9023-EA5282516D11}.Release|Any CPU.ActiveCfg = Release|Any CPU
		{D78C2BCB-99AE-4717-9023-EA5282516D11}.Release|Any CPU.Build.0 = Release|Any CPU
		{79B95761-B0F2-4D2A-9326-54D7E4B781E1}.Debug|Any CPU.ActiveCfg = Debug|Any CPU
		{79B95761-B0F2-4D2A-9326-54D7E4B781E1}.Debug|Any CPU.Build.0 = Debug|Any CPU
		{79B95761-B0F2-4D2A-9326-54D7E4B781E1}.Release|Any CPU.ActiveCfg = Release|Any CPU
		{79B95761-B0F2-4D2A-9326-54D7E4B781E1}.Release|Any CPU.Build.0 = Release|Any CPU
		{9809532C-BD14-4892-B2A8-9F8E67695CFC}.Debug|Any CPU.ActiveCfg = Debug|Any CPU
		{9809532C-BD14-4892-B2A8-9F8E67695CFC}.Debug|Any CPU.Build.0 = Debug|Any CPU
		{9809532C-BD14-4892-B2A8-9F8E67695CFC}.Release|Any CPU.ActiveCfg = Release|Any CPU
		{9809532C-BD14-4892-B2A8-9F8E67695CFC}.Release|Any CPU.Build.0 = Release|Any CPU
		{FC204CFC-D89A-49E5-88F7-453954174C69}.Debug|Any CPU.ActiveCfg = Debug|Any CPU
		{FC204CFC-D89A-49E5-88F7-453954174C69}.Debug|Any CPU.Build.0 = Debug|Any CPU
		{FC204CFC-D89A-49E5-88F7-453954174C69}.Release|Any CPU.ActiveCfg = Release|Any CPU
		{FC204CFC-D89A-49E5-88F7-453954174C69}.Release|Any CPU.Build.0 = Release|Any CPU
		{881A4F64-41D2-459D-873B-E4DB7B1C720B}.Debug|Any CPU.ActiveCfg = Debug|Any CPU
		{881A4F64-41D2-459D-873B-E4DB7B1C720B}.Debug|Any CPU.Build.0 = Debug|Any CPU
		{881A4F64-41D2-459D-873B-E4DB7B1C720B}.Release|Any CPU.ActiveCfg = Release|Any CPU
		{881A4F64-41D2-459D-873B-E4DB7B1C720B}.Release|Any CPU.Build.0 = Release|Any CPU
		{3909A7BF-9513-4A80-8EA7-91AE4B3636D0}.Debug|Any CPU.ActiveCfg = Debug|Any CPU
		{3909A7BF-9513-4A80-8EA7-91AE4B3636D0}.Debug|Any CPU.Build.0 = Debug|Any CPU
		{3909A7BF-9513-4A80-8EA7-91AE4B3636D0}.Release|Any CPU.ActiveCfg = Release|Any CPU
		{3909A7BF-9513-4A80-8EA7-91AE4B3636D0}.Release|Any CPU.Build.0 = Release|Any CPU
		{310BDF3F-D270-4E26-9178-E35142E50913}.Debug|Any CPU.ActiveCfg = Debug|Any CPU
		{310BDF3F-D270-4E26-9178-E35142E50913}.Debug|Any CPU.Build.0 = Debug|Any CPU
		{310BDF3F-D270-4E26-9178-E35142E50913}.Release|Any CPU.ActiveCfg = Release|Any CPU
		{310BDF3F-D270-4E26-9178-E35142E50913}.Release|Any CPU.Build.0 = Release|Any CPU
		{C195F565-1BEF-4FDE-BB0D-202D792580A0}.Debug|Any CPU.ActiveCfg = Debug|Any CPU
		{C195F565-1BEF-4FDE-BB0D-202D792580A0}.Debug|Any CPU.Build.0 = Debug|Any CPU
		{C195F565-1BEF-4FDE-BB0D-202D792580A0}.Release|Any CPU.ActiveCfg = Release|Any CPU
		{C195F565-1BEF-4FDE-BB0D-202D792580A0}.Release|Any CPU.Build.0 = Release|Any CPU
		{4F47B443-5320-441A-AB30-C1BD382058B8}.Debug|Any CPU.ActiveCfg = Debug|Any CPU
		{4F47B443-5320-441A-AB30-C1BD382058B8}.Debug|Any CPU.Build.0 = Debug|Any CPU
		{4F47B443-5320-441A-AB30-C1BD382058B8}.Release|Any CPU.ActiveCfg = Release|Any CPU
		{4F47B443-5320-441A-AB30-C1BD382058B8}.Release|Any CPU.Build.0 = Release|Any CPU
		{2C507C4A-CD1B-494D-84FA-0CB62F9A3791}.Debug|Any CPU.ActiveCfg = Debug|Any CPU
		{2C507C4A-CD1B-494D-84FA-0CB62F9A3791}.Debug|Any CPU.Build.0 = Debug|Any CPU
		{2C507C4A-CD1B-494D-84FA-0CB62F9A3791}.Release|Any CPU.ActiveCfg = Release|Any CPU
		{2C507C4A-CD1B-494D-84FA-0CB62F9A3791}.Release|Any CPU.Build.0 = Release|Any CPU
		{CC6D12BE-C166-4DDD-BF6E-4C2828A1C7B7}.Debug|Any CPU.ActiveCfg = Debug|Any CPU
		{CC6D12BE-C166-4DDD-BF6E-4C2828A1C7B7}.Debug|Any CPU.Build.0 = Debug|Any CPU
		{CC6D12BE-C166-4DDD-BF6E-4C2828A1C7B7}.Release|Any CPU.ActiveCfg = Release|Any CPU
		{CC6D12BE-C166-4DDD-BF6E-4C2828A1C7B7}.Release|Any CPU.Build.0 = Release|Any CPU
		{779B84FD-56ED-4A92-B7C8-CD2F825BE8FD}.Debug|Any CPU.ActiveCfg = Debug|Any CPU
		{779B84FD-56ED-4A92-B7C8-CD2F825BE8FD}.Debug|Any CPU.Build.0 = Debug|Any CPU
		{779B84FD-56ED-4A92-B7C8-CD2F825BE8FD}.Release|Any CPU.ActiveCfg = Release|Any CPU
		{779B84FD-56ED-4A92-B7C8-CD2F825BE8FD}.Release|Any CPU.Build.0 = Release|Any CPU
		{042E985A-EFD6-4866-A640-22E81C920556}.Debug|Any CPU.ActiveCfg = Debug|Any CPU
		{042E985A-EFD6-4866-A640-22E81C920556}.Debug|Any CPU.Build.0 = Debug|Any CPU
		{042E985A-EFD6-4866-A640-22E81C920556}.Release|Any CPU.ActiveCfg = Release|Any CPU
		{042E985A-EFD6-4866-A640-22E81C920556}.Release|Any CPU.Build.0 = Release|Any CPU
		{60769CD8-1852-41D6-832D-290D4BF25CB1}.Debug|Any CPU.ActiveCfg = Debug|Any CPU
		{60769CD8-1852-41D6-832D-290D4BF25CB1}.Debug|Any CPU.Build.0 = Debug|Any CPU
		{60769CD8-1852-41D6-832D-290D4BF25CB1}.Release|Any CPU.ActiveCfg = Release|Any CPU
		{60769CD8-1852-41D6-832D-290D4BF25CB1}.Release|Any CPU.Build.0 = Release|Any CPU
		{88D057C0-7BC6-4339-A320-041FD8028A89}.Debug|Any CPU.ActiveCfg = Debug|Any CPU
		{88D057C0-7BC6-4339-A320-041FD8028A89}.Debug|Any CPU.Build.0 = Debug|Any CPU
		{88D057C0-7BC6-4339-A320-041FD8028A89}.Release|Any CPU.ActiveCfg = Release|Any CPU
		{88D057C0-7BC6-4339-A320-041FD8028A89}.Release|Any CPU.Build.0 = Release|Any CPU
		{53FCE57F-CA4D-4628-BC5C-E03EEF782BEC}.Debug|Any CPU.ActiveCfg = Debug|Any CPU
		{53FCE57F-CA4D-4628-BC5C-E03EEF782BEC}.Debug|Any CPU.Build.0 = Debug|Any CPU
		{53FCE57F-CA4D-4628-BC5C-E03EEF782BEC}.Release|Any CPU.ActiveCfg = Release|Any CPU
		{53FCE57F-CA4D-4628-BC5C-E03EEF782BEC}.Release|Any CPU.Build.0 = Release|Any CPU
		{B8D68D66-A440-456F-854C-A920D38F7DCF}.Debug|Any CPU.ActiveCfg = Debug|Any CPU
		{B8D68D66-A440-456F-854C-A920D38F7DCF}.Debug|Any CPU.Build.0 = Debug|Any CPU
		{B8D68D66-A440-456F-854C-A920D38F7DCF}.Release|Any CPU.ActiveCfg = Release|Any CPU
		{B8D68D66-A440-456F-854C-A920D38F7DCF}.Release|Any CPU.Build.0 = Release|Any CPU
	EndGlobalSection
	GlobalSection(SolutionProperties) = preSolution
		HideSolutionNode = FALSE
	EndGlobalSection
	GlobalSection(NestedProjects) = preSolution
		{5A66DF76-7FD0-40FB-935D-D50B4AEB02F4} = {7CB8A0F2-7576-4C15-BCD9-3E56DFBC18A0}
		{A7F5774B-221B-494C-AED1-C6B1B9348576} = {7CB8A0F2-7576-4C15-BCD9-3E56DFBC18A0}
		{180FE22A-060D-4D52-9E26-7202CE536F39} = {7CB8A0F2-7576-4C15-BCD9-3E56DFBC18A0}
		{AEC310C3-169D-4D52-BC75-53F779307390} = {7CB8A0F2-7576-4C15-BCD9-3E56DFBC18A0}
		{21C3E463-C12D-42C8-8A51-DD70BBBB2C69} = {7CB8A0F2-7576-4C15-BCD9-3E56DFBC18A0}
		{D78C2BCB-99AE-4717-9023-EA5282516D11} = {7CB8A0F2-7576-4C15-BCD9-3E56DFBC18A0}
		{79B95761-B0F2-4D2A-9326-54D7E4B781E1} = {7CB8A0F2-7576-4C15-BCD9-3E56DFBC18A0}
		{9809532C-BD14-4892-B2A8-9F8E67695CFC} = {7CB8A0F2-7576-4C15-BCD9-3E56DFBC18A0}
		{FC204CFC-D89A-49E5-88F7-453954174C69} = {7CB8A0F2-7576-4C15-BCD9-3E56DFBC18A0}
		{881A4F64-41D2-459D-873B-E4DB7B1C720B} = {7CB8A0F2-7576-4C15-BCD9-3E56DFBC18A0}
		{3909A7BF-9513-4A80-8EA7-91AE4B3636D0} = {DDF5D7A2-C72C-478E-B8CA-2F3A02A88D2B}
		{310BDF3F-D270-4E26-9178-E35142E50913} = {DDF5D7A2-C72C-478E-B8CA-2F3A02A88D2B}
		{C195F565-1BEF-4FDE-BB0D-202D792580A0} = {DDF5D7A2-C72C-478E-B8CA-2F3A02A88D2B}
		{4F47B443-5320-441A-AB30-C1BD382058B8} = {DDF5D7A2-C72C-478E-B8CA-2F3A02A88D2B}
		{2C507C4A-CD1B-494D-84FA-0CB62F9A3791} = {DDF5D7A2-C72C-478E-B8CA-2F3A02A88D2B}
		{CC6D12BE-C166-4DDD-BF6E-4C2828A1C7B7} = {DDF5D7A2-C72C-478E-B8CA-2F3A02A88D2B}
		{779B84FD-56ED-4A92-B7C8-CD2F825BE8FD} = {DDF5D7A2-C72C-478E-B8CA-2F3A02A88D2B}
		{042E985A-EFD6-4866-A640-22E81C920556} = {DDF5D7A2-C72C-478E-B8CA-2F3A02A88D2B}
		{60769CD8-1852-41D6-832D-290D4BF25CB1} = {DDF5D7A2-C72C-478E-B8CA-2F3A02A88D2B}
		{88D057C0-7BC6-4339-A320-041FD8028A89} = {DDF5D7A2-C72C-478E-B8CA-2F3A02A88D2B}
		{53FCE57F-CA4D-4628-BC5C-E03EEF782BEC} = {7CB8A0F2-7576-4C15-BCD9-3E56DFBC18A0}
		{B8D68D66-A440-456F-854C-A920D38F7DCF} = {DDF5D7A2-C72C-478E-B8CA-2F3A02A88D2B}
	EndGlobalSection
	GlobalSection(ExtensibilityGlobals) = postSolution
		SolutionGuid = {DF088C6B-A7F4-440A-AE76-01654B589CEF}
	EndGlobalSection
EndGlobal
