
Microsoft Visual Studio Solution File, Format Version 12.00
# Visual Studio 15
VisualStudioVersion = 15.0.28010.2041
MinimumVisualStudioVersion = 10.0.40219.1
Project("{2150E333-8FDC-42A3-9474-1A3956D46DE8}") = "Code", "Code", "{4A5E695F-4398-463D-9DF1-15ADA8908C1D}"
EndProject
Project("{D954291E-2A0B-460D-934E-DC6B0785DB48}") = "Code.RemoteAgency.Base", "Code\Code.RemoteAgency.Base\Code.RemoteAgency.Base.shproj", "{CF2E1703-B782-4D53-9073-C57736CD9D0E}"
EndProject
Project("{D954291E-2A0B-460D-934E-DC6B0785DB48}") = "Code.RemoteAgency", "Code\Code.RemoteAgency\Code.RemoteAgency.shproj", "{FD102C4D-A934-424F-AFA2-801697D70850}"
EndProject
Project("{D954291E-2A0B-460D-934E-DC6B0785DB48}") = "Code.RemoteAgency.DataContractSerializer", "Code\Code.RemoteAgency.DataContractSerializer\Code.RemoteAgency.DataContractSerializer.shproj", "{E09861AF-307F-4E62-828F-0AF4B61C2EAC}"
EndProject
Project("{D954291E-2A0B-460D-934E-DC6B0785DB48}") = "Code.RemoteAgency.DataContractSerializer.EasyEncapsulation", "Code\Code.RemoteAgency.DataContractSerializer.EasyEncapsulation\Code.RemoteAgency.DataContractSerializer.EasyEncapsulation.shproj", "{A8ABBE6E-300D-4CC6-8229-0ECF9D1C4813}"
EndProject
Project("{2150E333-8FDC-42A3-9474-1A3956D46DE8}") = "Release - Nuget", "Release - Nuget", "{D63EEAFD-D33C-442E-BF49-41F7F3A5394C}"
EndProject
Project("{2150E333-8FDC-42A3-9474-1A3956D46DE8}") = "Release", "Release", "{6B9DC2BF-7D7F-496E-B0EA-E1277D501127}"
EndProject
Project("{9A19103F-16F7-4668-BE54-9A1E7A4F7556}") = "Release.RemoteAgency.Base", "Release\Release.RemoteAgency.Base\Release.RemoteAgency.Base.csproj", "{7B38C03F-8C73-4523-9C3E-2C9F2FC404BC}"
EndProject
Project("{9A19103F-16F7-4668-BE54-9A1E7A4F7556}") = "Release.RemoteAgency", "Release\Release.RemoteAgency\Release.RemoteAgency.csproj", "{B102EF90-21D2-481B-8482-4EB1552C922A}"
EndProject
Project("{9A19103F-16F7-4668-BE54-9A1E7A4F7556}") = "Release.RemoteAgency.DataContractSerializer", "Release\Release.RemoteAgency.DataContractSerializer\Release.RemoteAgency.DataContractSerializer.csproj", "{1D615DC0-F702-44DC-A6AC-886EF5E37951}"
EndProject
Project("{9A19103F-16F7-4668-BE54-9A1E7A4F7556}") = "Release.RemoteAgency.DataContractSerializer.EasyEncapsulation", "Release\Release.RemoteAgency.DataContractSerializer.EasyEncapsulation\Release.RemoteAgency.DataContractSerializer.EasyEncapsulation.csproj", "{6CC0844D-EA0D-402A-8280-62BF7AE4ABDA}"
EndProject
Project("{9A19103F-16F7-4668-BE54-9A1E7A4F7556}") = "Nuget.RemoteAgency.Base", "Nuget\Nuget.RemoteAgency.Base\Nuget.RemoteAgency.Base.csproj", "{628B903F-787A-47C2-B30A-B509BB31475B}"
EndProject
Project("{9A19103F-16F7-4668-BE54-9A1E7A4F7556}") = "Nuget.RemoteAgency", "Nuget\Nuget.RemoteAgency\Nuget.RemoteAgency.csproj", "{26657AE7-4A29-4CA5-AC7C-00F3FEC921B1}"
EndProject
Project("{2150E333-8FDC-42A3-9474-1A3956D46DE8}") = "Solution Items", "Solution Items", "{B3D84502-B65D-49BA-8B86-CF0DF8623326}"
	ProjectSection(SolutionItems) = preProject
		.gitattributes = .gitattributes
		.gitignore = .gitignore
	EndProjectSection
EndProject
Project("{9A19103F-16F7-4668-BE54-9A1E7A4F7556}") = "Nuget.RemoteAgency.DataContractSerializer", "Nuget\Nuget.RemoteAgency.DataContractSerializer\Nuget.RemoteAgency.DataContractSerializer.csproj", "{BB72A6D3-ACA9-4546-8274-D1FACD498EA0}"
EndProject
Project("{9A19103F-16F7-4668-BE54-9A1E7A4F7556}") = "Nuget.RemoteAgency.DataContractSerializer.EasyEncapsulation", "Nuget\Nuget.RemoteAgency.DataContractSerializer.EasyEncapsulation\Nuget.RemoteAgency.DataContractSerializer.EasyEncapsulation.csproj", "{0B0C24A7-51CD-4704-A075-970F949F2E14}"
EndProject
Project("{2150E333-8FDC-42A3-9474-1A3956D46DE8}") = "Test", "Test", "{71878400-829C-409F-BC5D-F2981769949C}"
EndProject
Project("{2150E333-8FDC-42A3-9474-1A3956D46DE8}") = "NetCore", "NetCore", "{0B2810E6-8174-4059-8DDE-7D24A1544B31}"
EndProject
Project("{2150E333-8FDC-42A3-9474-1A3956D46DE8}") = "NetFx", "NetFx", "{9454265A-E23A-424E-B757-87D76C3A498F}"
EndProject
Project("{9A19103F-16F7-4668-BE54-9A1E7A4F7556}") = "Example 0 (start)", "Test\NetCore\Example 0 (start)\Example 0 (start).csproj", "{7A42FDF3-57DB-4611-AB7B-577A49961899}"
EndProject
Project("{9A19103F-16F7-4668-BE54-9A1E7A4F7556}") = "Example 1", "Test\NetCore\Example 1\Example 1.csproj", "{4C2D9874-4231-47B3-8B5D-1DA4CAC1FD67}"
EndProject
Project("{9A19103F-16F7-4668-BE54-9A1E7A4F7556}") = "Example 2", "Test\NetCore\Example 2\Example 2.csproj", "{6970AA68-CDA9-466D-A8C7-15E35C8BF1DE}"
EndProject
Project("{9A19103F-16F7-4668-BE54-9A1E7A4F7556}") = "Example 3", "Test\NetCore\Example 3\Example 3.csproj", "{55C4A06F-EDC6-49DD-A384-ACD3DF340A75}"
EndProject
Project("{9A19103F-16F7-4668-BE54-9A1E7A4F7556}") = "Example 4", "Test\NetCore\Example 4\Example 4.csproj", "{E59C7CCC-70AE-492E-9A12-906833B85709}"
EndProject
Project("{9A19103F-16F7-4668-BE54-9A1E7A4F7556}") = "Example 5", "Test\NetCore\Example 5\Example 5.csproj", "{9AA04AE7-1779-47DD-A589-55D203C5725A}"
EndProject
Project("{9A19103F-16F7-4668-BE54-9A1E7A4F7556}") = "Example 6", "Test\NetCore\Example 6\Example 6.csproj", "{53A46AEE-12E3-49EB-ACC4-602EB70013C4}"
EndProject
Project("{9A19103F-16F7-4668-BE54-9A1E7A4F7556}") = "Example 7", "Test\NetCore\Example 7\Example 7.csproj", "{BD1DCD74-9DF1-4A97-AF5D-FD84F68C0927}"
EndProject
Project("{9A19103F-16F7-4668-BE54-9A1E7A4F7556}") = "Example 8", "Test\NetCore\Example 8\Example 8.csproj", "{75529BB4-5318-4943-884E-EDCED11D0FAD}"
EndProject
Project("{9A19103F-16F7-4668-BE54-9A1E7A4F7556}") = "Example 9", "Test\NetCore\Example 9\Example 9.csproj", "{5D6918A2-0D64-448B-9FE9-521E1374DA60}"
EndProject
Project("{FAE04EC0-301F-11D3-BF4B-00C04F79EFBC}") = "ExampleFx 0 (start)", "Test\NetFx\ExampleFx 0 (start)\ExampleFx 0 (start).csproj", "{3909A7BF-9513-4A80-8EA7-91AE4B3636D0}"
EndProject
Project("{FAE04EC0-301F-11D3-BF4B-00C04F79EFBC}") = "ExampleFx 1", "Test\NetFx\ExampleFx 1\ExampleFx 1.csproj", "{310BDF3F-D270-4E26-9178-E35142E50913}"
EndProject
Project("{FAE04EC0-301F-11D3-BF4B-00C04F79EFBC}") = "ExampleFx 2", "Test\NetFx\ExampleFx 2\ExampleFx 2.csproj", "{C195F565-1BEF-4FDE-BB0D-202D792580A0}"
EndProject
Project("{FAE04EC0-301F-11D3-BF4B-00C04F79EFBC}") = "ExampleFx 3", "Test\NetFx\ExampleFx 3\ExampleFx 3.csproj", "{4F47B443-5320-441A-AB30-C1BD382058B8}"
EndProject
Project("{FAE04EC0-301F-11D3-BF4B-00C04F79EFBC}") = "ExampleFx 4", "Test\NetFx\ExampleFx 4\ExampleFx 4.csproj", "{2C507C4A-CD1B-494D-84FA-0CB62F9A3791}"
EndProject
Project("{FAE04EC0-301F-11D3-BF4B-00C04F79EFBC}") = "ExampleFx 5", "Test\NetFx\ExampleFx 5\ExampleFx 5.csproj", "{CC6D12BE-C166-4DDD-BF6E-4C2828A1C7B7}"
EndProject
Project("{FAE04EC0-301F-11D3-BF4B-00C04F79EFBC}") = "ExampleFx 6", "Test\NetFx\ExampleFx 6\ExampleFx 6.csproj", "{779B84FD-56ED-4A92-B7C8-CD2F825BE8FD}"
EndProject
Project("{FAE04EC0-301F-11D3-BF4B-00C04F79EFBC}") = "ExampleFx 7", "Test\NetFx\ExampleFx 7\ExampleFx 7.csproj", "{042E985A-EFD6-4866-A640-22E81C920556}"
EndProject
Project("{FAE04EC0-301F-11D3-BF4B-00C04F79EFBC}") = "ExampleFx 8", "Test\NetFx\ExampleFx 8\ExampleFx 8.csproj", "{60769CD8-1852-41D6-832D-290D4BF25CB1}"
EndProject
Project("{FAE04EC0-301F-11D3-BF4B-00C04F79EFBC}") = "ExampleFx 9", "Test\NetFx\ExampleFx 9\ExampleFx 9.csproj", "{88D057C0-7BC6-4339-A320-041FD8028A89}"
EndProject
Project("{2150E333-8FDC-42A3-9474-1A3956D46DE8}") = "SHFB", "SHFB", "{09D7C0AE-F730-4314-B668-9E5156B8F44F}"
EndProject
Project("{7CF6DF6D-3B04-46F8-A40B-537D21BCA0B4}") = "Doc", "SHFB\Doc.shfbproj", "{82A148A7-8109-4D60-820D-29F926CD394D}"
EndProject
Project("{D954291E-2A0B-460D-934E-DC6B0785DB48}") = "Code.Roslyn", "Code\Code.Roslyn\Code.Roslyn.shproj", "{FEED1140-CB32-4A68-8104-A557B0015B3A}"
EndProject
Global
	GlobalSection(SharedMSBuildProjectFiles) = preSolution
		Code\Code.RemoteAgency.DataContractSerializer.EasyEncapsulation\Code.RemoteAgency.DataContractSerializer.EasyEncapsulation.projitems*{a8abbe6e-300d-4cc6-8229-0ecf9d1c4813}*SharedItemsImports = 13
		Code\Code.RemoteAgency.Base\Code.RemoteAgency.Base.projitems*{cf2e1703-b782-4d53-9073-c57736cd9d0e}*SharedItemsImports = 13
		Code\Code.RemoteAgency.DataContractSerializer\Code.RemoteAgency.DataContractSerializer.projitems*{e09861af-307f-4e62-828f-0af4b61c2eac}*SharedItemsImports = 13
		Code\Code.RemoteAgency\Code.RemoteAgency.projitems*{fd102c4d-a934-424f-afa2-801697d70850}*SharedItemsImports = 13
		Code\Code.Roslyn\Code.Roslyn.projitems*{feed1140-cb32-4a68-8104-a557b0015b3a}*SharedItemsImports = 13
	EndGlobalSection
	GlobalSection(SolutionConfigurationPlatforms) = preSolution
		Debug|Any CPU = Debug|Any CPU
		Doc|Any CPU = Doc|Any CPU
		Nuget|Any CPU = Nuget|Any CPU
		Release|Any CPU = Release|Any CPU
	EndGlobalSection
	GlobalSection(ProjectConfigurationPlatforms) = postSolution
		{7B38C03F-8C73-4523-9C3E-2C9F2FC404BC}.Debug|Any CPU.ActiveCfg = Debug|Any CPU
		{7B38C03F-8C73-4523-9C3E-2C9F2FC404BC}.Debug|Any CPU.Build.0 = Debug|Any CPU
		{7B38C03F-8C73-4523-9C3E-2C9F2FC404BC}.Doc|Any CPU.ActiveCfg = Release|Any CPU
		{7B38C03F-8C73-4523-9C3E-2C9F2FC404BC}.Nuget|Any CPU.ActiveCfg = Release|Any CPU
		{7B38C03F-8C73-4523-9C3E-2C9F2FC404BC}.Release|Any CPU.ActiveCfg = Release|Any CPU
		{7B38C03F-8C73-4523-9C3E-2C9F2FC404BC}.Release|Any CPU.Build.0 = Release|Any CPU
		{B102EF90-21D2-481B-8482-4EB1552C922A}.Debug|Any CPU.ActiveCfg = Debug|Any CPU
		{B102EF90-21D2-481B-8482-4EB1552C922A}.Debug|Any CPU.Build.0 = Debug|Any CPU
		{B102EF90-21D2-481B-8482-4EB1552C922A}.Doc|Any CPU.ActiveCfg = Release|Any CPU
		{B102EF90-21D2-481B-8482-4EB1552C922A}.Nuget|Any CPU.ActiveCfg = Release|Any CPU
		{B102EF90-21D2-481B-8482-4EB1552C922A}.Release|Any CPU.ActiveCfg = Release|Any CPU
		{B102EF90-21D2-481B-8482-4EB1552C922A}.Release|Any CPU.Build.0 = Release|Any CPU
		{1D615DC0-F702-44DC-A6AC-886EF5E37951}.Debug|Any CPU.ActiveCfg = Debug|Any CPU
		{1D615DC0-F702-44DC-A6AC-886EF5E37951}.Debug|Any CPU.Build.0 = Debug|Any CPU
		{1D615DC0-F702-44DC-A6AC-886EF5E37951}.Doc|Any CPU.ActiveCfg = Release|Any CPU
		{1D615DC0-F702-44DC-A6AC-886EF5E37951}.Nuget|Any CPU.ActiveCfg = Release|Any CPU
		{1D615DC0-F702-44DC-A6AC-886EF5E37951}.Release|Any CPU.ActiveCfg = Release|Any CPU
		{1D615DC0-F702-44DC-A6AC-886EF5E37951}.Release|Any CPU.Build.0 = Release|Any CPU
		{6CC0844D-EA0D-402A-8280-62BF7AE4ABDA}.Debug|Any CPU.ActiveCfg = Debug|Any CPU
		{6CC0844D-EA0D-402A-8280-62BF7AE4ABDA}.Debug|Any CPU.Build.0 = Debug|Any CPU
		{6CC0844D-EA0D-402A-8280-62BF7AE4ABDA}.Doc|Any CPU.ActiveCfg = Release|Any CPU
		{6CC0844D-EA0D-402A-8280-62BF7AE4ABDA}.Nuget|Any CPU.ActiveCfg = Release|Any CPU
		{6CC0844D-EA0D-402A-8280-62BF7AE4ABDA}.Release|Any CPU.ActiveCfg = Release|Any CPU
		{6CC0844D-EA0D-402A-8280-62BF7AE4ABDA}.Release|Any CPU.Build.0 = Release|Any CPU
		{628B903F-787A-47C2-B30A-B509BB31475B}.Debug|Any CPU.ActiveCfg = Debug|Any CPU
		{628B903F-787A-47C2-B30A-B509BB31475B}.Doc|Any CPU.ActiveCfg = Release|Any CPU
		{628B903F-787A-47C2-B30A-B509BB31475B}.Nuget|Any CPU.ActiveCfg = Release|Any CPU
		{628B903F-787A-47C2-B30A-B509BB31475B}.Nuget|Any CPU.Build.0 = Release|Any CPU
		{628B903F-787A-47C2-B30A-B509BB31475B}.Release|Any CPU.ActiveCfg = Release|Any CPU
		{26657AE7-4A29-4CA5-AC7C-00F3FEC921B1}.Debug|Any CPU.ActiveCfg = Debug|Any CPU
		{26657AE7-4A29-4CA5-AC7C-00F3FEC921B1}.Doc|Any CPU.ActiveCfg = Release|Any CPU
		{26657AE7-4A29-4CA5-AC7C-00F3FEC921B1}.Nuget|Any CPU.ActiveCfg = Release|Any CPU
		{26657AE7-4A29-4CA5-AC7C-00F3FEC921B1}.Nuget|Any CPU.Build.0 = Release|Any CPU
		{26657AE7-4A29-4CA5-AC7C-00F3FEC921B1}.Release|Any CPU.ActiveCfg = Release|Any CPU
		{BB72A6D3-ACA9-4546-8274-D1FACD498EA0}.Debug|Any CPU.ActiveCfg = Debug|Any CPU
		{BB72A6D3-ACA9-4546-8274-D1FACD498EA0}.Doc|Any CPU.ActiveCfg = Release|Any CPU
		{BB72A6D3-ACA9-4546-8274-D1FACD498EA0}.Nuget|Any CPU.ActiveCfg = Release|Any CPU
		{BB72A6D3-ACA9-4546-8274-D1FACD498EA0}.Nuget|Any CPU.Build.0 = Release|Any CPU
		{BB72A6D3-ACA9-4546-8274-D1FACD498EA0}.Release|Any CPU.ActiveCfg = Release|Any CPU
		{0B0C24A7-51CD-4704-A075-970F949F2E14}.Debug|Any CPU.ActiveCfg = Debug|Any CPU
		{0B0C24A7-51CD-4704-A075-970F949F2E14}.Doc|Any CPU.ActiveCfg = Release|Any CPU
		{0B0C24A7-51CD-4704-A075-970F949F2E14}.Nuget|Any CPU.ActiveCfg = Release|Any CPU
		{0B0C24A7-51CD-4704-A075-970F949F2E14}.Nuget|Any CPU.Build.0 = Release|Any CPU
		{0B0C24A7-51CD-4704-A075-970F949F2E14}.Release|Any CPU.ActiveCfg = Release|Any CPU
		{7A42FDF3-57DB-4611-AB7B-577A49961899}.Debug|Any CPU.ActiveCfg = Debug|Any CPU
		{7A42FDF3-57DB-4611-AB7B-577A49961899}.Debug|Any CPU.Build.0 = Debug|Any CPU
		{7A42FDF3-57DB-4611-AB7B-577A49961899}.Doc|Any CPU.ActiveCfg = Release|Any CPU
		{7A42FDF3-57DB-4611-AB7B-577A49961899}.Nuget|Any CPU.ActiveCfg = Release|Any CPU
		{7A42FDF3-57DB-4611-AB7B-577A49961899}.Release|Any CPU.ActiveCfg = Release|Any CPU
		{7A42FDF3-57DB-4611-AB7B-577A49961899}.Release|Any CPU.Build.0 = Release|Any CPU
		{4C2D9874-4231-47B3-8B5D-1DA4CAC1FD67}.Debug|Any CPU.ActiveCfg = Debug|Any CPU
		{4C2D9874-4231-47B3-8B5D-1DA4CAC1FD67}.Debug|Any CPU.Build.0 = Debug|Any CPU
		{4C2D9874-4231-47B3-8B5D-1DA4CAC1FD67}.Doc|Any CPU.ActiveCfg = Release|Any CPU
		{4C2D9874-4231-47B3-8B5D-1DA4CAC1FD67}.Nuget|Any CPU.ActiveCfg = Release|Any CPU
		{4C2D9874-4231-47B3-8B5D-1DA4CAC1FD67}.Release|Any CPU.ActiveCfg = Release|Any CPU
		{4C2D9874-4231-47B3-8B5D-1DA4CAC1FD67}.Release|Any CPU.Build.0 = Release|Any CPU
		{6970AA68-CDA9-466D-A8C7-15E35C8BF1DE}.Debug|Any CPU.ActiveCfg = Debug|Any CPU
		{6970AA68-CDA9-466D-A8C7-15E35C8BF1DE}.Debug|Any CPU.Build.0 = Debug|Any CPU
		{6970AA68-CDA9-466D-A8C7-15E35C8BF1DE}.Doc|Any CPU.ActiveCfg = Release|Any CPU
		{6970AA68-CDA9-466D-A8C7-15E35C8BF1DE}.Nuget|Any CPU.ActiveCfg = Release|Any CPU
		{6970AA68-CDA9-466D-A8C7-15E35C8BF1DE}.Release|Any CPU.ActiveCfg = Release|Any CPU
		{6970AA68-CDA9-466D-A8C7-15E35C8BF1DE}.Release|Any CPU.Build.0 = Release|Any CPU
		{55C4A06F-EDC6-49DD-A384-ACD3DF340A75}.Debug|Any CPU.ActiveCfg = Debug|Any CPU
		{55C4A06F-EDC6-49DD-A384-ACD3DF340A75}.Debug|Any CPU.Build.0 = Debug|Any CPU
		{55C4A06F-EDC6-49DD-A384-ACD3DF340A75}.Doc|Any CPU.ActiveCfg = Release|Any CPU
		{55C4A06F-EDC6-49DD-A384-ACD3DF340A75}.Nuget|Any CPU.ActiveCfg = Release|Any CPU
		{55C4A06F-EDC6-49DD-A384-ACD3DF340A75}.Release|Any CPU.ActiveCfg = Release|Any CPU
		{55C4A06F-EDC6-49DD-A384-ACD3DF340A75}.Release|Any CPU.Build.0 = Release|Any CPU
		{E59C7CCC-70AE-492E-9A12-906833B85709}.Debug|Any CPU.ActiveCfg = Debug|Any CPU
		{E59C7CCC-70AE-492E-9A12-906833B85709}.Debug|Any CPU.Build.0 = Debug|Any CPU
		{E59C7CCC-70AE-492E-9A12-906833B85709}.Doc|Any CPU.ActiveCfg = Release|Any CPU
		{E59C7CCC-70AE-492E-9A12-906833B85709}.Nuget|Any CPU.ActiveCfg = Release|Any CPU
		{E59C7CCC-70AE-492E-9A12-906833B85709}.Release|Any CPU.ActiveCfg = Release|Any CPU
		{E59C7CCC-70AE-492E-9A12-906833B85709}.Release|Any CPU.Build.0 = Release|Any CPU
		{9AA04AE7-1779-47DD-A589-55D203C5725A}.Debug|Any CPU.ActiveCfg = Debug|Any CPU
		{9AA04AE7-1779-47DD-A589-55D203C5725A}.Debug|Any CPU.Build.0 = Debug|Any CPU
		{9AA04AE7-1779-47DD-A589-55D203C5725A}.Doc|Any CPU.ActiveCfg = Release|Any CPU
		{9AA04AE7-1779-47DD-A589-55D203C5725A}.Nuget|Any CPU.ActiveCfg = Release|Any CPU
		{9AA04AE7-1779-47DD-A589-55D203C5725A}.Release|Any CPU.ActiveCfg = Release|Any CPU
		{9AA04AE7-1779-47DD-A589-55D203C5725A}.Release|Any CPU.Build.0 = Release|Any CPU
		{53A46AEE-12E3-49EB-ACC4-602EB70013C4}.Debug|Any CPU.ActiveCfg = Debug|Any CPU
		{53A46AEE-12E3-49EB-ACC4-602EB70013C4}.Debug|Any CPU.Build.0 = Debug|Any CPU
		{53A46AEE-12E3-49EB-ACC4-602EB70013C4}.Doc|Any CPU.ActiveCfg = Release|Any CPU
		{53A46AEE-12E3-49EB-ACC4-602EB70013C4}.Nuget|Any CPU.ActiveCfg = Release|Any CPU
		{53A46AEE-12E3-49EB-ACC4-602EB70013C4}.Release|Any CPU.ActiveCfg = Release|Any CPU
		{53A46AEE-12E3-49EB-ACC4-602EB70013C4}.Release|Any CPU.Build.0 = Release|Any CPU
		{BD1DCD74-9DF1-4A97-AF5D-FD84F68C0927}.Debug|Any CPU.ActiveCfg = Debug|Any CPU
		{BD1DCD74-9DF1-4A97-AF5D-FD84F68C0927}.Debug|Any CPU.Build.0 = Debug|Any CPU
		{BD1DCD74-9DF1-4A97-AF5D-FD84F68C0927}.Doc|Any CPU.ActiveCfg = Release|Any CPU
		{BD1DCD74-9DF1-4A97-AF5D-FD84F68C0927}.Nuget|Any CPU.ActiveCfg = Release|Any CPU
		{BD1DCD74-9DF1-4A97-AF5D-FD84F68C0927}.Release|Any CPU.ActiveCfg = Release|Any CPU
		{BD1DCD74-9DF1-4A97-AF5D-FD84F68C0927}.Release|Any CPU.Build.0 = Release|Any CPU
		{75529BB4-5318-4943-884E-EDCED11D0FAD}.Debug|Any CPU.ActiveCfg = Debug|Any CPU
		{75529BB4-5318-4943-884E-EDCED11D0FAD}.Debug|Any CPU.Build.0 = Debug|Any CPU
		{75529BB4-5318-4943-884E-EDCED11D0FAD}.Doc|Any CPU.ActiveCfg = Release|Any CPU
		{75529BB4-5318-4943-884E-EDCED11D0FAD}.Nuget|Any CPU.ActiveCfg = Release|Any CPU
		{75529BB4-5318-4943-884E-EDCED11D0FAD}.Release|Any CPU.ActiveCfg = Release|Any CPU
		{75529BB4-5318-4943-884E-EDCED11D0FAD}.Release|Any CPU.Build.0 = Release|Any CPU
		{5D6918A2-0D64-448B-9FE9-521E1374DA60}.Debug|Any CPU.ActiveCfg = Debug|Any CPU
		{5D6918A2-0D64-448B-9FE9-521E1374DA60}.Debug|Any CPU.Build.0 = Debug|Any CPU
		{5D6918A2-0D64-448B-9FE9-521E1374DA60}.Doc|Any CPU.ActiveCfg = Release|Any CPU
		{5D6918A2-0D64-448B-9FE9-521E1374DA60}.Nuget|Any CPU.ActiveCfg = Release|Any CPU
		{5D6918A2-0D64-448B-9FE9-521E1374DA60}.Release|Any CPU.ActiveCfg = Release|Any CPU
		{5D6918A2-0D64-448B-9FE9-521E1374DA60}.Release|Any CPU.Build.0 = Release|Any CPU
		{3909A7BF-9513-4A80-8EA7-91AE4B3636D0}.Debug|Any CPU.ActiveCfg = Debug|Any CPU
		{3909A7BF-9513-4A80-8EA7-91AE4B3636D0}.Debug|Any CPU.Build.0 = Debug|Any CPU
		{3909A7BF-9513-4A80-8EA7-91AE4B3636D0}.Doc|Any CPU.ActiveCfg = Release|Any CPU
		{3909A7BF-9513-4A80-8EA7-91AE4B3636D0}.Nuget|Any CPU.ActiveCfg = Release|Any CPU
		{3909A7BF-9513-4A80-8EA7-91AE4B3636D0}.Release|Any CPU.ActiveCfg = Release|Any CPU
		{3909A7BF-9513-4A80-8EA7-91AE4B3636D0}.Release|Any CPU.Build.0 = Release|Any CPU
		{310BDF3F-D270-4E26-9178-E35142E50913}.Debug|Any CPU.ActiveCfg = Debug|Any CPU
		{310BDF3F-D270-4E26-9178-E35142E50913}.Debug|Any CPU.Build.0 = Debug|Any CPU
		{310BDF3F-D270-4E26-9178-E35142E50913}.Doc|Any CPU.ActiveCfg = Release|Any CPU
		{310BDF3F-D270-4E26-9178-E35142E50913}.Nuget|Any CPU.ActiveCfg = Release|Any CPU
		{310BDF3F-D270-4E26-9178-E35142E50913}.Release|Any CPU.ActiveCfg = Release|Any CPU
		{310BDF3F-D270-4E26-9178-E35142E50913}.Release|Any CPU.Build.0 = Release|Any CPU
		{C195F565-1BEF-4FDE-BB0D-202D792580A0}.Debug|Any CPU.ActiveCfg = Debug|Any CPU
		{C195F565-1BEF-4FDE-BB0D-202D792580A0}.Debug|Any CPU.Build.0 = Debug|Any CPU
		{C195F565-1BEF-4FDE-BB0D-202D792580A0}.Doc|Any CPU.ActiveCfg = Release|Any CPU
		{C195F565-1BEF-4FDE-BB0D-202D792580A0}.Nuget|Any CPU.ActiveCfg = Release|Any CPU
		{C195F565-1BEF-4FDE-BB0D-202D792580A0}.Release|Any CPU.ActiveCfg = Release|Any CPU
		{C195F565-1BEF-4FDE-BB0D-202D792580A0}.Release|Any CPU.Build.0 = Release|Any CPU
		{4F47B443-5320-441A-AB30-C1BD382058B8}.Debug|Any CPU.ActiveCfg = Debug|Any CPU
		{4F47B443-5320-441A-AB30-C1BD382058B8}.Debug|Any CPU.Build.0 = Debug|Any CPU
		{4F47B443-5320-441A-AB30-C1BD382058B8}.Doc|Any CPU.ActiveCfg = Release|Any CPU
		{4F47B443-5320-441A-AB30-C1BD382058B8}.Nuget|Any CPU.ActiveCfg = Release|Any CPU
		{4F47B443-5320-441A-AB30-C1BD382058B8}.Release|Any CPU.ActiveCfg = Release|Any CPU
		{4F47B443-5320-441A-AB30-C1BD382058B8}.Release|Any CPU.Build.0 = Release|Any CPU
		{2C507C4A-CD1B-494D-84FA-0CB62F9A3791}.Debug|Any CPU.ActiveCfg = Debug|Any CPU
		{2C507C4A-CD1B-494D-84FA-0CB62F9A3791}.Debug|Any CPU.Build.0 = Debug|Any CPU
		{2C507C4A-CD1B-494D-84FA-0CB62F9A3791}.Doc|Any CPU.ActiveCfg = Release|Any CPU
		{2C507C4A-CD1B-494D-84FA-0CB62F9A3791}.Nuget|Any CPU.ActiveCfg = Release|Any CPU
		{2C507C4A-CD1B-494D-84FA-0CB62F9A3791}.Release|Any CPU.ActiveCfg = Release|Any CPU
		{2C507C4A-CD1B-494D-84FA-0CB62F9A3791}.Release|Any CPU.Build.0 = Release|Any CPU
		{CC6D12BE-C166-4DDD-BF6E-4C2828A1C7B7}.Debug|Any CPU.ActiveCfg = Debug|Any CPU
		{CC6D12BE-C166-4DDD-BF6E-4C2828A1C7B7}.Debug|Any CPU.Build.0 = Debug|Any CPU
		{CC6D12BE-C166-4DDD-BF6E-4C2828A1C7B7}.Doc|Any CPU.ActiveCfg = Release|Any CPU
		{CC6D12BE-C166-4DDD-BF6E-4C2828A1C7B7}.Nuget|Any CPU.ActiveCfg = Release|Any CPU
		{CC6D12BE-C166-4DDD-BF6E-4C2828A1C7B7}.Release|Any CPU.ActiveCfg = Release|Any CPU
		{CC6D12BE-C166-4DDD-BF6E-4C2828A1C7B7}.Release|Any CPU.Build.0 = Release|Any CPU
		{779B84FD-56ED-4A92-B7C8-CD2F825BE8FD}.Debug|Any CPU.ActiveCfg = Debug|Any CPU
		{779B84FD-56ED-4A92-B7C8-CD2F825BE8FD}.Debug|Any CPU.Build.0 = Debug|Any CPU
		{779B84FD-56ED-4A92-B7C8-CD2F825BE8FD}.Doc|Any CPU.ActiveCfg = Release|Any CPU
		{779B84FD-56ED-4A92-B7C8-CD2F825BE8FD}.Nuget|Any CPU.ActiveCfg = Release|Any CPU
		{779B84FD-56ED-4A92-B7C8-CD2F825BE8FD}.Release|Any CPU.ActiveCfg = Release|Any CPU
		{779B84FD-56ED-4A92-B7C8-CD2F825BE8FD}.Release|Any CPU.Build.0 = Release|Any CPU
		{042E985A-EFD6-4866-A640-22E81C920556}.Debug|Any CPU.ActiveCfg = Debug|Any CPU
		{042E985A-EFD6-4866-A640-22E81C920556}.Debug|Any CPU.Build.0 = Debug|Any CPU
		{042E985A-EFD6-4866-A640-22E81C920556}.Doc|Any CPU.ActiveCfg = Release|Any CPU
		{042E985A-EFD6-4866-A640-22E81C920556}.Nuget|Any CPU.ActiveCfg = Release|Any CPU
		{042E985A-EFD6-4866-A640-22E81C920556}.Release|Any CPU.ActiveCfg = Release|Any CPU
		{042E985A-EFD6-4866-A640-22E81C920556}.Release|Any CPU.Build.0 = Release|Any CPU
		{60769CD8-1852-41D6-832D-290D4BF25CB1}.Debug|Any CPU.ActiveCfg = Debug|Any CPU
		{60769CD8-1852-41D6-832D-290D4BF25CB1}.Debug|Any CPU.Build.0 = Debug|Any CPU
		{60769CD8-1852-41D6-832D-290D4BF25CB1}.Doc|Any CPU.ActiveCfg = Release|Any CPU
		{60769CD8-1852-41D6-832D-290D4BF25CB1}.Nuget|Any CPU.ActiveCfg = Release|Any CPU
		{60769CD8-1852-41D6-832D-290D4BF25CB1}.Release|Any CPU.ActiveCfg = Release|Any CPU
		{60769CD8-1852-41D6-832D-290D4BF25CB1}.Release|Any CPU.Build.0 = Release|Any CPU
		{88D057C0-7BC6-4339-A320-041FD8028A89}.Debug|Any CPU.ActiveCfg = Debug|Any CPU
		{88D057C0-7BC6-4339-A320-041FD8028A89}.Debug|Any CPU.Build.0 = Debug|Any CPU
		{88D057C0-7BC6-4339-A320-041FD8028A89}.Doc|Any CPU.ActiveCfg = Release|Any CPU
		{88D057C0-7BC6-4339-A320-041FD8028A89}.Nuget|Any CPU.ActiveCfg = Release|Any CPU
		{88D057C0-7BC6-4339-A320-041FD8028A89}.Release|Any CPU.ActiveCfg = Release|Any CPU
		{88D057C0-7BC6-4339-A320-041FD8028A89}.Release|Any CPU.Build.0 = Release|Any CPU
		{82A148A7-8109-4D60-820D-29F926CD394D}.Debug|Any CPU.ActiveCfg = Debug|Any CPU
		{82A148A7-8109-4D60-820D-29F926CD394D}.Doc|Any CPU.ActiveCfg = Release|Any CPU
		{82A148A7-8109-4D60-820D-29F926CD394D}.Doc|Any CPU.Build.0 = Release|Any CPU
		{82A148A7-8109-4D60-820D-29F926CD394D}.Nuget|Any CPU.ActiveCfg = Release|Any CPU
		{82A148A7-8109-4D60-820D-29F926CD394D}.Release|Any CPU.ActiveCfg = Release|Any CPU
	EndGlobalSection
	GlobalSection(SolutionProperties) = preSolution
		HideSolutionNode = FALSE
	EndGlobalSection
	GlobalSection(NestedProjects) = preSolution
		{CF2E1703-B782-4D53-9073-C57736CD9D0E} = {4A5E695F-4398-463D-9DF1-15ADA8908C1D}
		{FD102C4D-A934-424F-AFA2-801697D70850} = {4A5E695F-4398-463D-9DF1-15ADA8908C1D}
		{E09861AF-307F-4E62-828F-0AF4B61C2EAC} = {4A5E695F-4398-463D-9DF1-15ADA8908C1D}
		{A8ABBE6E-300D-4CC6-8229-0ECF9D1C4813} = {4A5E695F-4398-463D-9DF1-15ADA8908C1D}
		{7B38C03F-8C73-4523-9C3E-2C9F2FC404BC} = {6B9DC2BF-7D7F-496E-B0EA-E1277D501127}
		{B102EF90-21D2-481B-8482-4EB1552C922A} = {6B9DC2BF-7D7F-496E-B0EA-E1277D501127}
		{1D615DC0-F702-44DC-A6AC-886EF5E37951} = {6B9DC2BF-7D7F-496E-B0EA-E1277D501127}
		{6CC0844D-EA0D-402A-8280-62BF7AE4ABDA} = {6B9DC2BF-7D7F-496E-B0EA-E1277D501127}
		{628B903F-787A-47C2-B30A-B509BB31475B} = {D63EEAFD-D33C-442E-BF49-41F7F3A5394C}
		{26657AE7-4A29-4CA5-AC7C-00F3FEC921B1} = {D63EEAFD-D33C-442E-BF49-41F7F3A5394C}
		{BB72A6D3-ACA9-4546-8274-D1FACD498EA0} = {D63EEAFD-D33C-442E-BF49-41F7F3A5394C}
		{0B0C24A7-51CD-4704-A075-970F949F2E14} = {D63EEAFD-D33C-442E-BF49-41F7F3A5394C}
		{0B2810E6-8174-4059-8DDE-7D24A1544B31} = {71878400-829C-409F-BC5D-F2981769949C}
		{9454265A-E23A-424E-B757-87D76C3A498F} = {71878400-829C-409F-BC5D-F2981769949C}
		{7A42FDF3-57DB-4611-AB7B-577A49961899} = {0B2810E6-8174-4059-8DDE-7D24A1544B31}
		{4C2D9874-4231-47B3-8B5D-1DA4CAC1FD67} = {0B2810E6-8174-4059-8DDE-7D24A1544B31}
		{6970AA68-CDA9-466D-A8C7-15E35C8BF1DE} = {0B2810E6-8174-4059-8DDE-7D24A1544B31}
		{55C4A06F-EDC6-49DD-A384-ACD3DF340A75} = {0B2810E6-8174-4059-8DDE-7D24A1544B31}
		{E59C7CCC-70AE-492E-9A12-906833B85709} = {0B2810E6-8174-4059-8DDE-7D24A1544B31}
		{9AA04AE7-1779-47DD-A589-55D203C5725A} = {0B2810E6-8174-4059-8DDE-7D24A1544B31}
		{53A46AEE-12E3-49EB-ACC4-602EB70013C4} = {0B2810E6-8174-4059-8DDE-7D24A1544B31}
		{BD1DCD74-9DF1-4A97-AF5D-FD84F68C0927} = {0B2810E6-8174-4059-8DDE-7D24A1544B31}
		{75529BB4-5318-4943-884E-EDCED11D0FAD} = {0B2810E6-8174-4059-8DDE-7D24A1544B31}
		{5D6918A2-0D64-448B-9FE9-521E1374DA60} = {0B2810E6-8174-4059-8DDE-7D24A1544B31}
		{3909A7BF-9513-4A80-8EA7-91AE4B3636D0} = {9454265A-E23A-424E-B757-87D76C3A498F}
		{310BDF3F-D270-4E26-9178-E35142E50913} = {9454265A-E23A-424E-B757-87D76C3A498F}
		{C195F565-1BEF-4FDE-BB0D-202D792580A0} = {9454265A-E23A-424E-B757-87D76C3A498F}
		{4F47B443-5320-441A-AB30-C1BD382058B8} = {9454265A-E23A-424E-B757-87D76C3A498F}
		{2C507C4A-CD1B-494D-84FA-0CB62F9A3791} = {9454265A-E23A-424E-B757-87D76C3A498F}
		{CC6D12BE-C166-4DDD-BF6E-4C2828A1C7B7} = {9454265A-E23A-424E-B757-87D76C3A498F}
		{779B84FD-56ED-4A92-B7C8-CD2F825BE8FD} = {9454265A-E23A-424E-B757-87D76C3A498F}
		{042E985A-EFD6-4866-A640-22E81C920556} = {9454265A-E23A-424E-B757-87D76C3A498F}
		{60769CD8-1852-41D6-832D-290D4BF25CB1} = {9454265A-E23A-424E-B757-87D76C3A498F}
		{88D057C0-7BC6-4339-A320-041FD8028A89} = {9454265A-E23A-424E-B757-87D76C3A498F}
		{82A148A7-8109-4D60-820D-29F926CD394D} = {09D7C0AE-F730-4314-B668-9E5156B8F44F}
		{FEED1140-CB32-4A68-8104-A557B0015B3A} = {4A5E695F-4398-463D-9DF1-15ADA8908C1D}
	EndGlobalSection
	GlobalSection(ExtensibilityGlobals) = postSolution
		SolutionGuid = {D434C31C-F3F6-485F-B1FF-AA2C7AFEA1A2}
	EndGlobalSection
EndGlobal
